
Microsoft Visual Studio Solution File, Format Version 12.00
# Visual Studio Version 17
VisualStudioVersion = 17.7.34221.43
MinimumVisualStudioVersion = 10.0.40219.1
Project("{9A19103F-16F7-4668-BE54-9A1E7A4F7556}") = "ListBoxItemTappedInteractions", "ListBoxItemTappedInteractions\ListBoxItemTappedInteractions.csproj", "{1A50B748-C4FB-4D8B-82C7-EDE62A89F350}"
EndProject
Project("{9A19103F-16F7-4668-BE54-9A1E7A4F7556}") = "ListBoxItemTappedInteractions.Android", "ListBoxItemTappedInteractions.Android\ListBoxItemTappedInteractions.Android.csproj", "{E02A89E2-8F19-4D43-A871-D993EC0E7C96}"
EndProject
Project("{9A19103F-16F7-4668-BE54-9A1E7A4F7556}") = "ListBoxItemTappedInteractions.Desktop", "ListBoxItemTappedInteractions.Desktop\ListBoxItemTappedInteractions.Desktop.csproj", "{14F302B5-FC21-4201-92B2-81C6BF3A4D16}"
EndProject
Global
	GlobalSection(SolutionConfigurationPlatforms) = preSolution
		Debug|Any CPU = Debug|Any CPU
		Release|Any CPU = Release|Any CPU
	EndGlobalSection
	GlobalSection(ProjectConfigurationPlatforms) = postSolution
		{1A50B748-C4FB-4D8B-82C7-EDE62A89F350}.Debug|Any CPU.ActiveCfg = Debug|Any CPU
		{1A50B748-C4FB-4D8B-82C7-EDE62A89F350}.Debug|Any CPU.Build.0 = Debug|Any CPU
		{1A50B748-C4FB-4D8B-82C7-EDE62A89F350}.Release|Any CPU.ActiveCfg = Release|Any CPU
		{1A50B748-C4FB-4D8B-82C7-EDE62A89F350}.Release|Any CPU.Build.0 = Release|Any CPU
		{E02A89E2-8F19-4D43-A871-D993EC0E7C96}.Debug|Any CPU.ActiveCfg = Debug|Any CPU
		{E02A89E2-8F19-4D43-A871-D993EC0E7C96}.Debug|Any CPU.Build.0 = Debug|Any CPU
		{E02A89E2-8F19-4D43-A871-D993EC0E7C96}.Debug|Any CPU.Deploy.0 = Debug|Any CPU
		{E02A89E2-8F19-4D43-A871-D993EC0E7C96}.Release|Any CPU.ActiveCfg = Release|Any CPU
		{E02A89E2-8F19-4D43-A871-D993EC0E7C96}.Release|Any CPU.Build.0 = Release|Any CPU
		{E02A89E2-8F19-4D43-A871-D993EC0E7C96}.Release|Any CPU.Deploy.0 = Release|Any CPU
		{14F302B5-FC21-4201-92B2-81C6BF3A4D16}.Debug|Any CPU.ActiveCfg = Debug|Any CPU
		{14F302B5-FC21-4201-92B2-81C6BF3A4D16}.Debug|Any CPU.Build.0 = Debug|Any CPU
		{14F302B5-FC21-4201-92B2-81C6BF3A4D16}.Release|Any CPU.ActiveCfg = Release|Any CPU
		{14F302B5-FC21-4201-92B2-81C6BF3A4D16}.Release|Any CPU.Build.0 = Release|Any CPU
	EndGlobalSection
	GlobalSection(SolutionProperties) = preSolution
		HideSolutionNode = FALSE
	EndGlobalSection
	GlobalSection(ExtensibilityGlobals) = postSolution
		SolutionGuid = {88662CCD-5EEA-4236-8F75-2A143223A15A}
	EndGlobalSection
EndGlobal
